// !$*UTF8*$!
{
	archiveVersion = 1;
	classes = {
	};
	objectVersion = 46;
	objects = {

/* Begin PBXBuildFile section */
		ED1606821EED888200BEBBD2 /* main.m in Sources */ = {isa = PBXBuildFile; fileRef = ED1606811EED888200BEBBD2 /* main.m */; };
		ED1606851EED888200BEBBD2 /* AppDelegate.m in Sources */ = {isa = PBXBuildFile; fileRef = ED1606841EED888200BEBBD2 /* AppDelegate.m */; };
		ED1606881EED888200BEBBD2 /* ViewController.m in Sources */ = {isa = PBXBuildFile; fileRef = ED1606871EED888200BEBBD2 /* ViewController.m */; };
		ED16068B1EED888200BEBBD2 /* Main.storyboard in Resources */ = {isa = PBXBuildFile; fileRef = ED1606891EED888200BEBBD2 /* Main.storyboard */; };
		ED16068D1EED888200BEBBD2 /* Assets.xcassets in Resources */ = {isa = PBXBuildFile; fileRef = ED16068C1EED888200BEBBD2 /* Assets.xcassets */; };
		ED1606901EED888200BEBBD2 /* LaunchScreen.storyboard in Resources */ = {isa = PBXBuildFile; fileRef = ED16068E1EED888200BEBBD2 /* LaunchScreen.storyboard */; };
		ED1606991EED88BC00BEBBD2 /* ViewController.m in Sources */ = {isa = PBXBuildFile; fileRef = ED1606871EED888200BEBBD2 /* ViewController.m */; };
		ED16069A1EED88BC00BEBBD2 /* AppDelegate.m in Sources */ = {isa = PBXBuildFile; fileRef = ED1606841EED888200BEBBD2 /* AppDelegate.m */; };
		ED16069B1EED88BC00BEBBD2 /* main.m in Sources */ = {isa = PBXBuildFile; fileRef = ED1606811EED888200BEBBD2 /* main.m */; };
		ED16069E1EED88BC00BEBBD2 /* LaunchScreen.storyboard in Resources */ = {isa = PBXBuildFile; fileRef = ED16068E1EED888200BEBBD2 /* LaunchScreen.storyboard */; };
		ED16069F1EED88BC00BEBBD2 /* Assets.xcassets in Resources */ = {isa = PBXBuildFile; fileRef = ED16068C1EED888200BEBBD2 /* Assets.xcassets */; };
		ED1606A01EED88BC00BEBBD2 /* Main.storyboard in Resources */ = {isa = PBXBuildFile; fileRef = ED1606891EED888200BEBBD2 /* Main.storyboard */; };
/* End PBXBuildFile section */

/* Begin PBXFileReference section */
		ED16067D1EED888200BEBBD2 /* Leitor.app */ = {isa = PBXFileReference; explicitFileType = wrapper.application; includeInIndex = 0; path = Leitor.app; sourceTree = BUILT_PRODUCTS_DIR; };
		ED1606811EED888200BEBBD2 /* main.m */ = {isa = PBXFileReference; lastKnownFileType = sourcecode.c.objc; path = main.m; sourceTree = "<group>"; };
		ED1606831EED888200BEBBD2 /* AppDelegate.h */ = {isa = PBXFileReference; lastKnownFileType = sourcecode.c.h; path = AppDelegate.h; sourceTree = "<group>"; };
		ED1606841EED888200BEBBD2 /* AppDelegate.m */ = {isa = PBXFileReference; lastKnownFileType = sourcecode.c.objc; path = AppDelegate.m; sourceTree = "<group>"; };
		ED1606861EED888200BEBBD2 /* ViewController.h */ = {isa = PBXFileReference; lastKnownFileType = sourcecode.c.h; path = ViewController.h; sourceTree = "<group>"; };
		ED1606871EED888200BEBBD2 /* ViewController.m */ = {isa = PBXFileReference; lastKnownFileType = sourcecode.c.objc; path = ViewController.m; sourceTree = "<group>"; };
		ED16068A1EED888200BEBBD2 /* Base */ = {isa = PBXFileReference; lastKnownFileType = file.storyboard; name = Base; path = Base.lproj/Main.storyboard; sourceTree = "<group>"; };
		ED16068C1EED888200BEBBD2 /* Assets.xcassets */ = {isa = PBXFileReference; lastKnownFileType = folder.assetcatalog; path = Assets.xcassets; sourceTree = "<group>"; };
		ED16068F1EED888200BEBBD2 /* Base */ = {isa = PBXFileReference; lastKnownFileType = file.storyboard; name = Base; path = Base.lproj/LaunchScreen.storyboard; sourceTree = "<group>"; };
		ED1606911EED888200BEBBD2 /* Info.plist */ = {isa = PBXFileReference; lastKnownFileType = text.plist.xml; path = Info.plist; sourceTree = "<group>"; };
		ED1606A41EED88BC00BEBBD2 /* Leitor Test.app */ = {isa = PBXFileReference; explicitFileType = wrapper.application; includeInIndex = 0; path = "Leitor Test.app"; sourceTree = BUILT_PRODUCTS_DIR; };
		ED1606A51EED88BC00BEBBD2 /* Leitor copy-Info.plist */ = {isa = PBXFileReference; lastKnownFileType = text.plist.xml; name = "Leitor copy-Info.plist"; path = "/Users/zuffo/Bullmobile/Repository/IES2/facti-ios/Leitor/Leitor copy-Info.plist"; sourceTree = "<absolute>"; };
/* End PBXFileReference section */

/* Begin PBXFrameworksBuildPhase section */
		ED16067A1EED888200BEBBD2 /* Frameworks */ = {
			isa = PBXFrameworksBuildPhase;
			buildActionMask = 2147483647;
			files = (
			);
			runOnlyForDeploymentPostprocessing = 0;
		};
		ED16069C1EED88BC00BEBBD2 /* Frameworks */ = {
			isa = PBXFrameworksBuildPhase;
			buildActionMask = 2147483647;
			files = (
			);
			runOnlyForDeploymentPostprocessing = 0;
		};
/* End PBXFrameworksBuildPhase section */

/* Begin PBXGroup section */
		ED1606741EED888200BEBBD2 = {
			isa = PBXGroup;
			children = (
				ED16067F1EED888200BEBBD2 /* Leitor */,
				ED16067E1EED888200BEBBD2 /* Products */,
			);
			sourceTree = "<group>";
		};
		ED16067E1EED888200BEBBD2 /* Products */ = {
			isa = PBXGroup;
			children = (
				ED16067D1EED888200BEBBD2 /* Leitor.app */,
				ED1606A41EED88BC00BEBBD2 /* Leitor Test.app */,
			);
			name = Products;
			sourceTree = "<group>";
		};
		ED16067F1EED888200BEBBD2 /* Leitor */ = {
			isa = PBXGroup;
			children = (
				ED1606A61EED891800BEBBD2 /* Model */,
				ED1606A71EED893600BEBBD2 /* View */,
				ED1606A81EED893E00BEBBD2 /* Controller */,
				ED1606AA1EED895C00BEBBD2 /* Resources */,
				ED1606A91EED894500BEBBD2 /* Application */,
			);
			path = Leitor;
			sourceTree = "<group>";
		};
		ED1606801EED888200BEBBD2 /* Supporting Files */ = {
			isa = PBXGroup;
			children = (
				ED1606811EED888200BEBBD2 /* main.m */,
			);
			name = "Supporting Files";
			sourceTree = "<group>";
		};
		ED1606A61EED891800BEBBD2 /* Model */ = {
			isa = PBXGroup;
			children = (
			);
			name = Model;
			sourceTree = "<group>";
		};
		ED1606A71EED893600BEBBD2 /* View */ = {
			isa = PBXGroup;
			children = (
				ED1606891EED888200BEBBD2 /* Main.storyboard */,
				ED16068E1EED888200BEBBD2 /* LaunchScreen.storyboard */,
			);
			name = View;
			sourceTree = "<group>";
		};
		ED1606A81EED893E00BEBBD2 /* Controller */ = {
			isa = PBXGroup;
			children = (
				ED1606861EED888200BEBBD2 /* ViewController.h */,
				ED1606871EED888200BEBBD2 /* ViewController.m */,
			);
			name = Controller;
			sourceTree = "<group>";
		};
		ED1606A91EED894500BEBBD2 /* Application */ = {
			isa = PBXGroup;
			children = (
				ED1606801EED888200BEBBD2 /* Supporting Files */,
				ED1606A51EED88BC00BEBBD2 /* Leitor copy-Info.plist */,
				ED1606911EED888200BEBBD2 /* Info.plist */,
				ED1606831EED888200BEBBD2 /* AppDelegate.h */,
				ED1606841EED888200BEBBD2 /* AppDelegate.m */,
			);
			name = Application;
			sourceTree = "<group>";
		};
		ED1606AA1EED895C00BEBBD2 /* Resources */ = {
			isa = PBXGroup;
			children = (
				ED16068C1EED888200BEBBD2 /* Assets.xcassets */,
			);
			name = Resources;
			sourceTree = "<group>";
		};
/* End PBXGroup section */

/* Begin PBXNativeTarget section */
		ED16067C1EED888200BEBBD2 /* Leitor */ = {
			isa = PBXNativeTarget;
			buildConfigurationList = ED1606941EED888200BEBBD2 /* Build configuration list for PBXNativeTarget "Leitor" */;
			buildPhases = (
				ED1606791EED888200BEBBD2 /* Sources */,
				ED16067A1EED888200BEBBD2 /* Frameworks */,
				ED16067B1EED888200BEBBD2 /* Resources */,
			);
			buildRules = (
			);
			dependencies = (
			);
			name = Leitor;
			productName = Leitor;
			productReference = ED16067D1EED888200BEBBD2 /* Leitor.app */;
			productType = "com.apple.product-type.application";
		};
		ED1606971EED88BC00BEBBD2 /* Leitor Test */ = {
			isa = PBXNativeTarget;
			buildConfigurationList = ED1606A11EED88BC00BEBBD2 /* Build configuration list for PBXNativeTarget "Leitor Test" */;
			buildPhases = (
				ED1606981EED88BC00BEBBD2 /* Sources */,
				ED16069C1EED88BC00BEBBD2 /* Frameworks */,
				ED16069D1EED88BC00BEBBD2 /* Resources */,
			);
			buildRules = (
			);
			dependencies = (
			);
			name = "Leitor Test";
			productName = Leitor;
			productReference = ED1606A41EED88BC00BEBBD2 /* Leitor Test.app */;
			productType = "com.apple.product-type.application";
		};
/* End PBXNativeTarget section */

/* Begin PBXProject section */
		ED1606751EED888200BEBBD2 /* Project object */ = {
			isa = PBXProject;
			attributes = {
				LastUpgradeCheck = 0830;
				ORGANIZATIONNAME = "Facti CTI";
				TargetAttributes = {
					ED16067C1EED888200BEBBD2 = {
						CreatedOnToolsVersion = 8.3.2;
						ProvisioningStyle = Manual;
					};
				};
			};
			buildConfigurationList = ED1606781EED888200BEBBD2 /* Build configuration list for PBXProject "Leitor" */;
			compatibilityVersion = "Xcode 3.2";
			developmentRegion = English;
			hasScannedForEncodings = 0;
			knownRegions = (
				en,
				Base,
			);
			mainGroup = ED1606741EED888200BEBBD2;
			productRefGroup = ED16067E1EED888200BEBBD2 /* Products */;
			projectDirPath = "";
			projectRoot = "";
			targets = (
				ED16067C1EED888200BEBBD2 /* Leitor */,
				ED1606971EED88BC00BEBBD2 /* Leitor Test */,
			);
		};
/* End PBXProject section */

/* Begin PBXResourcesBuildPhase section */
		ED16067B1EED888200BEBBD2 /* Resources */ = {
			isa = PBXResourcesBuildPhase;
			buildActionMask = 2147483647;
			files = (
				ED1606901EED888200BEBBD2 /* LaunchScreen.storyboard in Resources */,
				ED16068D1EED888200BEBBD2 /* Assets.xcassets in Resources */,
				ED16068B1EED888200BEBBD2 /* Main.storyboard in Resources */,
			);
			runOnlyForDeploymentPostprocessing = 0;
		};
		ED16069D1EED88BC00BEBBD2 /* Resources */ = {
			isa = PBXResourcesBuildPhase;
			buildActionMask = 2147483647;
			files = (
				ED16069E1EED88BC00BEBBD2 /* LaunchScreen.storyboard in Resources */,
				ED16069F1EED88BC00BEBBD2 /* Assets.xcassets in Resources */,
				ED1606A01EED88BC00BEBBD2 /* Main.storyboard in Resources */,
			);
			runOnlyForDeploymentPostprocessing = 0;
		};
/* End PBXResourcesBuildPhase section */

/* Begin PBXSourcesBuildPhase section */
		ED1606791EED888200BEBBD2 /* Sources */ = {
			isa = PBXSourcesBuildPhase;
			buildActionMask = 2147483647;
			files = (
				ED1606881EED888200BEBBD2 /* ViewController.m in Sources */,
				ED1606851EED888200BEBBD2 /* AppDelegate.m in Sources */,
				ED1606821EED888200BEBBD2 /* main.m in Sources */,
			);
			runOnlyForDeploymentPostprocessing = 0;
		};
		ED1606981EED88BC00BEBBD2 /* Sources */ = {
			isa = PBXSourcesBuildPhase;
			buildActionMask = 2147483647;
			files = (
				ED1606991EED88BC00BEBBD2 /* ViewController.m in Sources */,
				ED16069A1EED88BC00BEBBD2 /* AppDelegate.m in Sources */,
				ED16069B1EED88BC00BEBBD2 /* main.m in Sources */,
			);
			runOnlyForDeploymentPostprocessing = 0;
		};
/* End PBXSourcesBuildPhase section */

/* Begin PBXVariantGroup section */
		ED1606891EED888200BEBBD2 /* Main.storyboard */ = {
			isa = PBXVariantGroup;
			children = (
				ED16068A1EED888200BEBBD2 /* Base */,
			);
			name = Main.storyboard;
			sourceTree = "<group>";
		};
		ED16068E1EED888200BEBBD2 /* LaunchScreen.storyboard */ = {
			isa = PBXVariantGroup;
			children = (
				ED16068F1EED888200BEBBD2 /* Base */,
			);
			name = LaunchScreen.storyboard;
			sourceTree = "<group>";
		};
/* End PBXVariantGroup section */

/* Begin XCBuildConfiguration section */
		ED1606921EED888200BEBBD2 /* Debug */ = {
			isa = XCBuildConfiguration;
			buildSettings = {
				ALWAYS_SEARCH_USER_PATHS = NO;
				CLANG_ANALYZER_NONNULL = YES;
				CLANG_ANALYZER_NUMBER_OBJECT_CONVERSION = YES_AGGRESSIVE;
				CLANG_CXX_LANGUAGE_STANDARD = "gnu++0x";
				CLANG_CXX_LIBRARY = "libc++";
				CLANG_ENABLE_MODULES = YES;
				CLANG_ENABLE_OBJC_ARC = YES;
				CLANG_WARN_BOOL_CONVERSION = YES;
				CLANG_WARN_CONSTANT_CONVERSION = YES;
				CLANG_WARN_DIRECT_OBJC_ISA_USAGE = YES_ERROR;
				CLANG_WARN_DOCUMENTATION_COMMENTS = YES;
				CLANG_WARN_EMPTY_BODY = YES;
				CLANG_WARN_ENUM_CONVERSION = YES;
				CLANG_WARN_INFINITE_RECURSION = YES;
				CLANG_WARN_INT_CONVERSION = YES;
				CLANG_WARN_OBJC_ROOT_CLASS = YES_ERROR;
				CLANG_WARN_SUSPICIOUS_MOVE = YES;
				CLANG_WARN_UNREACHABLE_CODE = YES;
				CLANG_WARN__DUPLICATE_METHOD_MATCH = YES;
				"CODE_SIGN_IDENTITY[sdk=iphoneos*]" = "iPhone Developer";
				COPY_PHASE_STRIP = NO;
				DEBUG_INFORMATION_FORMAT = dwarf;
				ENABLE_STRICT_OBJC_MSGSEND = YES;
				ENABLE_TESTABILITY = YES;
				GCC_C_LANGUAGE_STANDARD = gnu99;
				GCC_DYNAMIC_NO_PIC = NO;
				GCC_NO_COMMON_BLOCKS = YES;
				GCC_OPTIMIZATION_LEVEL = 0;
				GCC_PREPROCESSOR_DEFINITIONS = (
					"DEBUG=1",
					"$(inherited)",
				);
				GCC_WARN_64_TO_32_BIT_CONVERSION = YES;
				GCC_WARN_ABOUT_RETURN_TYPE = YES_ERROR;
				GCC_WARN_UNDECLARED_SELECTOR = YES;
				GCC_WARN_UNINITIALIZED_AUTOS = YES_AGGRESSIVE;
				GCC_WARN_UNUSED_FUNCTION = YES;
				GCC_WARN_UNUSED_VARIABLE = YES;
				IPHONEOS_DEPLOYMENT_TARGET = 10.3;
				MTL_ENABLE_DEBUG_INFO = YES;
				ONLY_ACTIVE_ARCH = YES;
				SDKROOT = iphoneos;
			};
			name = Debug;
		};
		ED1606931EED888200BEBBD2 /* Release */ = {
			isa = XCBuildConfiguration;
			buildSettings = {
				ALWAYS_SEARCH_USER_PATHS = NO;
				CLANG_ANALYZER_NONNULL = YES;
				CLANG_ANALYZER_NUMBER_OBJECT_CONVERSION = YES_AGGRESSIVE;
				CLANG_CXX_LANGUAGE_STANDARD = "gnu++0x";
				CLANG_CXX_LIBRARY = "libc++";
				CLANG_ENABLE_MODULES = YES;
				CLANG_ENABLE_OBJC_ARC = YES;
				CLANG_WARN_BOOL_CONVERSION = YES;
				CLANG_WARN_CONSTANT_CONVERSION = YES;
				CLANG_WARN_DIRECT_OBJC_ISA_USAGE = YES_ERROR;
				CLANG_WARN_DOCUMENTATION_COMMENTS = YES;
				CLANG_WARN_EMPTY_BODY = YES;
				CLANG_WARN_ENUM_CONVERSION = YES;
				CLANG_WARN_INFINITE_RECURSION = YES;
				CLANG_WARN_INT_CONVERSION = YES;
				CLANG_WARN_OBJC_ROOT_CLASS = YES_ERROR;
				CLANG_WARN_SUSPICIOUS_MOVE = YES;
				CLANG_WARN_UNREACHABLE_CODE = YES;
				CLANG_WARN__DUPLICATE_METHOD_MATCH = YES;
				"CODE_SIGN_IDENTITY[sdk=iphoneos*]" = "iPhone Developer";
				COPY_PHASE_STRIP = NO;
				DEBUG_INFORMATION_FORMAT = "dwarf-with-dsym";
				ENABLE_NS_ASSERTIONS = NO;
				ENABLE_STRICT_OBJC_MSGSEND = YES;
				GCC_C_LANGUAGE_STANDARD = gnu99;
				GCC_NO_COMMON_BLOCKS = YES;
				GCC_WARN_64_TO_32_BIT_CONVERSION = YES;
				GCC_WARN_ABOUT_RETURN_TYPE = YES_ERROR;
				GCC_WARN_UNDECLARED_SELECTOR = YES;
				GCC_WARN_UNINITIALIZED_AUTOS = YES_AGGRESSIVE;
				GCC_WARN_UNUSED_FUNCTION = YES;
				GCC_WARN_UNUSED_VARIABLE = YES;
				IPHONEOS_DEPLOYMENT_TARGET = 10.3;
				MTL_ENABLE_DEBUG_INFO = NO;
				SDKROOT = iphoneos;
				VALIDATE_PRODUCT = YES;
			};
			name = Release;
		};
		ED1606951EED888200BEBBD2 /* Debug */ = {
			isa = XCBuildConfiguration;
			buildSettings = {
				ASSETCATALOG_COMPILER_APPICON_NAME = AppIcon;
				DEVELOPMENT_TEAM = "";
				INFOPLIST_FILE = Leitor/Info.plist;
				LD_RUNPATH_SEARCH_PATHS = "$(inherited) @executable_path/Frameworks";
				PRODUCT_BUNDLE_IDENTIFIER = com.facti.Leitor;
				PRODUCT_NAME = "$(TARGET_NAME)";
				PROVISIONING_PROFILE_SPECIFIER = "";
				TARGETED_DEVICE_FAMILY = 1;
			};
			name = Debug;
		};
		ED1606961EED888200BEBBD2 /* Release */ = {
			isa = XCBuildConfiguration;
			buildSettings = {
				ASSETCATALOG_COMPILER_APPICON_NAME = AppIcon;
				DEVELOPMENT_TEAM = "";
				INFOPLIST_FILE = Leitor/Info.plist;
				LD_RUNPATH_SEARCH_PATHS = "$(inherited) @executable_path/Frameworks";
				PRODUCT_BUNDLE_IDENTIFIER = com.facti.Leitor;
				PRODUCT_NAME = "$(TARGET_NAME)";
				PROVISIONING_PROFILE_SPECIFIER = "";
				TARGETED_DEVICE_FAMILY = 1;
			};
			name = Release;
		};
		ED1606A21EED88BC00BEBBD2 /* Debug */ = {
			isa = XCBuildConfiguration;
			buildSettings = {
				ASSETCATALOG_COMPILER_APPICON_NAME = AppIcon;
				DEVELOPMENT_TEAM = "";
				INFOPLIST_FILE = "Leitor copy-Info.plist";
				LD_RUNPATH_SEARCH_PATHS = "$(inherited) @executable_path/Frameworks";
				PRODUCT_BUNDLE_IDENTIFIER = com.facti.Leitor;
				PRODUCT_NAME = "$(TARGET_NAME)";
				PROVISIONING_PROFILE_SPECIFIER = "";
				TARGETED_DEVICE_FAMILY = 1;
			};
			name = Debug;
		};
		ED1606A31EED88BC00BEBBD2 /* Release */ = {
			isa = XCBuildConfiguration;
			buildSettings = {
				ASSETCATALOG_COMPILER_APPICON_NAME = AppIcon;
				DEVELOPMENT_TEAM = "";
				INFOPLIST_FILE = "Leitor copy-Info.plist";
				LD_RUNPATH_SEARCH_PATHS = "$(inherited) @executable_path/Frameworks";
				PRODUCT_BUNDLE_IDENTIFIER = com.facti.Leitor;
				PRODUCT_NAME = "$(TARGET_NAME)";
				PROVISIONING_PROFILE_SPECIFIER = "";
				TARGETED_DEVICE_FAMILY = 1;
			};
			name = Release;
		};
/* End XCBuildConfiguration section */

/* Begin XCConfigurationList section */
		ED1606781EED888200BEBBD2 /* Build configuration list for PBXProject "Leitor" */ = {
			isa = XCConfigurationList;
			buildConfigurations = (
				ED1606921EED888200BEBBD2 /* Debug */,
				ED1606931EED888200BEBBD2 /* Release */,
			);
			defaultConfigurationIsVisible = 0;
			defaultConfigurationName = Release;
		};
		ED1606941EED888200BEBBD2 /* Build configuration list for PBXNativeTarget "Leitor" */ = {
			isa = XCConfigurationList;
			buildConfigurations = (
				ED1606951EED888200BEBBD2 /* Debug */,
				ED1606961EED888200BEBBD2 /* Release */,
			);
			defaultConfigurationIsVisible = 0;
		};
		ED1606A11EED88BC00BEBBD2 /* Build configuration list for PBXNativeTarget "Leitor Test" */ = {
			isa = XCConfigurationList;
			buildConfigurations = (
				ED1606A21EED88BC00BEBBD2 /* Debug */,
				ED1606A31EED88BC00BEBBD2 /* Release */,
			);
			defaultConfigurationIsVisible = 0;
			defaultConfigurationName = Release;
		};
/* End XCConfigurationList section */
	};
	rootObject = ED1606751EED888200BEBBD2 /* Project object */;
}
